{
    "_readme": [
        "This file locks the dependencies of your project to a known state",
        "Read more about it at https://getcomposer.org/doc/01-basic-usage.md#installing-dependencies",
        "This file is @generated automatically"
    ],
    "content-hash": "488678724b07beb4c17d57052598bc88",
    "packages": [
        {
            "name": "pam-community/example-plugin",
            "version": "0.1.0",
            "dist": {
                "type": "path",
                "url": "../community-plugin",
                "reference": "b40162c36dc021df25f7e01854e3af1843527718"
            },
            "require": {
                "php": "^8.4",
                "pushinbr/pam-native": "^0.1"
            },
            "type": "pam-native-plugin",
            "extra": {
                "pam-native": {
                    "plugin": "pam-native.plugin.json"
                }
            },
            "autoload": {
                "psr-4": {
                    "PamCommunity\\Example\\": "src/"
                }
            },
            "license": [
                "BUSL-1.1"
            ],
            "description": "Reference Composer plugin for Pam Native.",
            "transport-options": {
                "symlink": false,
                "relative": true
            }
        },
        {
            "name": "pushinbr/pam-native",
            "version": "0.1.1",
            "dist": {
                "type": "path",
                "url": "../../packages/native",
                "reference": "93624dd1c4045967d68a49030d452552193fe69c"
            },
            "require": {
                "php": "^8.4"
            },
            "type": "library",
            "extra": {
                "pam-native": {
                    "manifest-schema": "resources/pam-native.schema.json",
                    "plugin-schema": "resources/pam-native.plugin.schema.json",
                    "template-custom-data": "resources/pam-native.custom-data.json",
                    "protocol": 1
                }
            },
            "autoload": {
                "psr-4": {
                    "Pam\\Native\\": "src/"
                }
            },
            "license": [
                "BUSL-1.1"
            ],
            "description": "Build fast native Android applications with PHP and Pam.",
            "homepage": "https://github.com/push-in/pam",
            "keywords": [
                "android",
                "mobile",
                "native",
                "pam",
                "php"
            ],
            "support": {
                "issues": "https://github.com/push-in/pam/issues",
                "source": "https://github.com/push-in/pam-native"
            },
            "transport-options": {
                "symlink": false,
                "relative": true
            }
        }
    ],
    "packages-dev": [],
    "aliases": [],
    "minimum-stability": "stable",
    "stability-flags": {},
    "prefer-stable": false,
    "prefer-lowest": false,
    "platform": {
        "php": "^8.4"
    },
    "platform-dev": {},
    "plugin-api-version": "2.6.0"
}
