{
    "_readme": [
        "This file locks the dependencies of your project to a known state",
        "Read more about it at https://getcomposer.org/doc/01-basic-usage.md#installing-dependencies",
        "This file is @generated automatically"
    ],
    "content-hash": "94334afeb7fd25ed4e43823268a43aa1",
    "packages": [
        {
            "name": "pushinbr/pam-native",
            "version": "v0.6.78",
            "source": {
                "type": "git",
                "url": "https://github.com/push-in/pam-native-php.git",
                "reference": "749f07974ae419826fc619005c7e88bb68d73b6d"
            },
            "dist": {
                "type": "zip",
                "url": "https://api.github.com/repos/push-in/pam-native-php/zipball/749f07974ae419826fc619005c7e88bb68d73b6d",
                "reference": "749f07974ae419826fc619005c7e88bb68d73b6d",
                "shasum": ""
            },
            "require": {
                "php": "^8.5"
            },
            "bin": [
                "bin/pam-native",
                "bin/pam-native-format",
                "bin/pam-native-language-server",
                "bin/pam-native-optimize",
                "bin/pam-native-routes"
            ],
            "type": "library",
            "extra": {
                "pam": {
                    "commands": {
                        "dev": {
                            "bin": "bin/pam-native",
                            "arguments": [
                                "dev"
                            ],
                            "description": "Start PAM Native development"
                        },
                        "run": {
                            "bin": "bin/pam-native",
                            "arguments": [
                                "run"
                            ],
                            "description": "Run the PAM Native application"
                        },
                        "logs": {
                            "bin": "bin/pam-native",
                            "arguments": [
                                "logs"
                            ],
                            "description": "Inspect PAM Native application logs"
                        },
                        "sign": {
                            "bin": "bin/pam-native",
                            "arguments": [
                                "sign"
                            ],
                            "description": "Validate PAM Native release signing"
                        },
                        "audit": {
                            "bin": "bin/pam-native",
                            "arguments": [
                                "audit"
                            ],
                            "description": "Audit native capabilities and platform authority"
                        },
                        "build": {
                            "bin": "bin/pam-native",
                            "arguments": [
                                "build"
                            ],
                            "description": "Build the PAM Native application"
                        },
                        "doctor": {
                            "bin": "bin/pam-native",
                            "arguments": [
                                "doctor"
                            ],
                            "description": "Diagnose the PAM Native project"
                        },
                        "format": {
                            "script": "bin/pam-native-format",
                            "description": "Format PAM Native components"
                        },
                        "mobile": {
                            "bin": "bin/pam-native",
                            "description": "Legacy alias for PAM Native tooling"
                        },
                        "native": {
                            "bin": "bin/pam-native",
                            "description": "Build, run and diagnose PAM Native applications"
                        },
                        "codegen": {
                            "bin": "bin/pam-native",
                            "arguments": [
                                "codegen"
                            ],
                            "description": "Generate native bindings"
                        },
                        "devices": {
                            "bin": "bin/pam-native",
                            "arguments": [
                                "devices"
                            ],
                            "description": "List native development targets"
                        },
                        "ios:dev": {
                            "bin": "bin/pam-native",
                            "arguments": [
                                "ios:dev"
                            ],
                            "description": "Start PAM Native iOS development"
                        },
                        "ios:run": {
                            "bin": "bin/pam-native",
                            "arguments": [
                                "ios:run"
                            ],
                            "description": "Run the PAM Native iOS application"
                        },
                        "package": {
                            "bin": "bin/pam-native",
                            "arguments": [
                                "package"
                            ],
                            "description": "Package the PAM Native application"
                        },
                        "prepare": {
                            "bin": "bin/pam-native",
                            "arguments": [
                                "prepare"
                            ],
                            "description": "Prepare the PAM Native Android host"
                        },
                        "profile": {
                            "bin": "bin/pam-native",
                            "arguments": [
                                "profile"
                            ],
                            "description": "Profile the PAM Native application"
                        },
                        "devtools": {
                            "bin": "bin/pam-native",
                            "arguments": [
                                "devtools"
                            ],
                            "description": "Open PAM Native development tools"
                        },
                        "ios:logs": {
                            "bin": "bin/pam-native",
                            "arguments": [
                                "ios:logs"
                            ],
                            "description": "Stream PAM Native iOS logs"
                        },
                        "ios:sign": {
                            "bin": "bin/pam-native",
                            "arguments": [
                                "ios:sign"
                            ],
                            "description": "Inspect PAM Native iOS signing"
                        },
                        "benchmark": {
                            "bin": "bin/pam-native",
                            "arguments": [
                                "benchmark"
                            ],
                            "description": "Benchmark the PAM Native application"
                        },
                        "ios:build": {
                            "bin": "bin/pam-native",
                            "arguments": [
                                "ios:build"
                            ],
                            "description": "Build the PAM Native iOS application"
                        },
                        "ios:doctor": {
                            "bin": "bin/pam-native",
                            "arguments": [
                                "ios:doctor"
                            ],
                            "description": "Diagnose the PAM Native iOS host"
                        },
                        "screenshot": {
                            "bin": "bin/pam-native",
                            "arguments": [
                                "screenshot"
                            ],
                            "description": "Capture a native device screenshot"
                        },
                        "diagnostics": {
                            "bin": "bin/pam-native",
                            "arguments": [
                                "diagnostics"
                            ],
                            "description": "Capture PAM Native diagnostics"
                        },
                        "ios:devices": {
                            "bin": "bin/pam-native",
                            "arguments": [
                                "ios:devices"
                            ],
                            "description": "List iOS development targets"
                        },
                        "ios:package": {
                            "bin": "bin/pam-native",
                            "arguments": [
                                "ios:package"
                            ],
                            "description": "Package the PAM Native iOS application"
                        },
                        "ios:prepare": {
                            "bin": "bin/pam-native",
                            "arguments": [
                                "ios:prepare"
                            ],
                            "description": "Prepare the PAM Native iOS host"
                        },
                        "make:screen": {
                            "bin": "bin/pam-native",
                            "arguments": [
                                "make:screen"
                            ],
                            "description": "Generate a PAM Native screen"
                        },
                        "plugin:list": {
                            "bin": "bin/pam-native",
                            "arguments": [
                                "plugin:list"
                            ],
                            "description": "List installed PAM Native plugins"
                        },
                        "runtime:use": {
                            "bin": "bin/pam-native",
                            "arguments": [
                                "runtime:use"
                            ],
                            "description": "Select a native runtime"
                        },
                        "ios:devtools": {
                            "bin": "bin/pam-native",
                            "arguments": [
                                "ios:devtools"
                            ],
                            "description": "Open PAM Native iOS development tools"
                        },
                        "runtime:info": {
                            "bin": "bin/pam-native",
                            "arguments": [
                                "runtime:info"
                            ],
                            "description": "Inspect the selected native runtime"
                        },
                        "runtime:list": {
                            "bin": "bin/pam-native",
                            "arguments": [
                                "runtime:list"
                            ],
                            "description": "List installed native runtimes"
                        },
                        "native:format": {
                            "script": "bin/pam-native-format",
                            "description": "Format PAM Native components"
                        },
                        "native:routes": {
                            "script": "bin/pam-native-routes",
                            "description": "Inspect PAM Native routes"
                        },
                        "plugin:doctor": {
                            "bin": "bin/pam-native",
                            "arguments": [
                                "plugin:doctor"
                            ],
                            "description": "Diagnose installed PAM Native plugins"
                        },
                        "ios:screenshot": {
                            "bin": "bin/pam-native",
                            "arguments": [
                                "ios:screenshot"
                            ],
                            "description": "Capture an iOS screenshot"
                        },
                        "make:component": {
                            "bin": "bin/pam-native",
                            "arguments": [
                                "make:component"
                            ],
                            "description": "Generate a PAM Native component"
                        },
                        "runtime:update": {
                            "bin": "bin/pam-native",
                            "arguments": [
                                "runtime:update"
                            ],
                            "description": "Update the selected native runtime"
                        },
                        "ios:diagnostics": {
                            "bin": "bin/pam-native",
                            "arguments": [
                                "ios:diagnostics"
                            ],
                            "description": "Capture PAM Native iOS diagnostics"
                        },
                        "native:optimize": {
                            "script": "bin/pam-native-optimize",
                            "description": "Optimize a PAM Native application"
                        },
                        "runtime:install": {
                            "bin": "bin/pam-native",
                            "arguments": [
                                "runtime:install"
                            ],
                            "description": "Install the selected native runtime"
                        },
                        "make:native-view": {
                            "bin": "bin/pam-native",
                            "arguments": [
                                "make:native-view"
                            ],
                            "description": "Generate a PAM Native platform view"
                        },
                        "android:diagnostics": {
                            "bin": "bin/pam-native",
                            "arguments": [
                                "android:diagnostics"
                            ],
                            "description": "Capture Android diagnostics"
                        },
                        "native:language-server": {
                            "script": "bin/pam-native-language-server",
                            "description": "Start the PAM Native language server"
                        }
                    }
                },
                "pam-native": {
                    "protocol": 1,
                    "plugin-schema": "resources/pam-native.plugin.schema.json",
                    "manifest-schema": "resources/pam-native.schema.json",
                    "template-custom-data": "resources/pam-native.custom-data.json"
                }
            },
            "autoload": {
                "psr-4": {
                    "Pam\\Native\\": "src/"
                }
            },
            "notification-url": "https://packagist.org/downloads/",
            "license": [
                "Apache-2.0"
            ],
            "description": "Build fast native Android and iOS applications with PHP and PAM.",
            "homepage": "https://github.com/push-in/pam-native",
            "keywords": [
                "android",
                "mobile",
                "native",
                "pam",
                "php"
            ],
            "support": {
                "issues": "https://github.com/push-in/pam-native/issues",
                "source": "https://github.com/push-in/pam-native"
            },
            "time": "2026-08-23T02:45:09+00:00"
        },
        {
            "name": "pushinbr/pam-native-auth",
            "version": "v0.1.0",
            "source": {
                "type": "git",
                "url": "https://github.com/push-in/pam-native-auth.git",
                "reference": "c569ae91bbd8f546cd62e4f4c2d5ea80a9e3c0ab"
            },
            "dist": {
                "type": "zip",
                "url": "https://api.github.com/repos/push-in/pam-native-auth/zipball/c569ae91bbd8f546cd62e4f4c2d5ea80a9e3c0ab",
                "reference": "c569ae91bbd8f546cd62e4f4c2d5ea80a9e3c0ab",
                "shasum": ""
            },
            "require": {
                "php": "^8.4",
                "pushinbr/pam-native": "^0.6.1"
            },
            "type": "pam-native-plugin",
            "extra": {
                "pam-native": {
                    "plugin": "pam-native.plugin.json"
                }
            },
            "autoload": {
                "psr-4": {
                    "Pam\\Native\\Auth\\": "src/"
                }
            },
            "notification-url": "https://packagist.org/downloads/",
            "license": [
                "BUSL-1.1"
            ],
            "description": "Secure sessions, encrypted credential vaults and OAuth 2.1/PKCE primitives for PAM Native.",
            "support": {
                "issues": "https://github.com/push-in/pam-native-auth/issues",
                "source": "https://github.com/push-in/pam-native-auth/tree/v0.1.0"
            },
            "time": "2026-08-01T03:52:45+00:00"
        },
        {
            "name": "pushinbr/pam-native-background-transfer",
            "version": "v0.1.0",
            "source": {
                "type": "git",
                "url": "https://github.com/push-in/pam-native-background-transfer.git",
                "reference": "903610a65e3f0bc4525794499e6066b3b04b7abf"
            },
            "dist": {
                "type": "zip",
                "url": "https://api.github.com/repos/push-in/pam-native-background-transfer/zipball/903610a65e3f0bc4525794499e6066b3b04b7abf",
                "reference": "903610a65e3f0bc4525794499e6066b3b04b7abf",
                "shasum": ""
            },
            "require": {
                "php": "^8.4",
                "pushinbr/pam-native": "^0.6.1"
            },
            "require-dev": {
                "pushinbr/pam-native-testing": "^0.1.0"
            },
            "type": "pam-native-plugin",
            "extra": {
                "pam-native": {
                    "plugin": "pam-native.plugin.json"
                }
            },
            "autoload": {
                "psr-4": {
                    "Pam\\Native\\BackgroundTransfer\\": "src/"
                }
            },
            "notification-url": "https://packagist.org/downloads/",
            "license": [
                "BUSL-1.1"
            ],
            "description": "Durable background uploads and downloads for PAM Native.",
            "support": {
                "issues": "https://github.com/push-in/pam-native-background-transfer/issues",
                "source": "https://github.com/push-in/pam-native-background-transfer/tree/v0.1.0"
            },
            "time": "2026-08-01T03:52:45+00:00"
        },
        {
            "name": "pushinbr/pam-native-bluetooth",
            "version": "v0.1.0",
            "source": {
                "type": "git",
                "url": "https://github.com/push-in/pam-native-bluetooth.git",
                "reference": "ee880294979f59f9e1941ab9b47bd50b849df37c"
            },
            "dist": {
                "type": "zip",
                "url": "https://api.github.com/repos/push-in/pam-native-bluetooth/zipball/ee880294979f59f9e1941ab9b47bd50b849df37c",
                "reference": "ee880294979f59f9e1941ab9b47bd50b849df37c",
                "shasum": ""
            },
            "require": {
                "php": "^8.4",
                "pushinbr/pam-native": "^0.6.1"
            },
            "type": "pam-native-plugin",
            "extra": {
                "pam-native": {
                    "plugin": "pam-native.plugin.json"
                }
            },
            "autoload": {
                "psr-4": {
                    "Pam\\Native\\Bluetooth\\": "src/"
                }
            },
            "notification-url": "https://packagist.org/downloads/",
            "license": [
                "BUSL-1.1"
            ],
            "description": "Lifecycle-safe Bluetooth LE scanning, GATT and notifications for PAM Native.",
            "support": {
                "issues": "https://github.com/push-in/pam-native-bluetooth/issues",
                "source": "https://github.com/push-in/pam-native-bluetooth/tree/v0.1.0"
            },
            "time": "2026-08-01T05:31:40+00:00"
        },
        {
            "name": "pushinbr/pam-native-feature-flags",
            "version": "v0.1.1",
            "source": {
                "type": "git",
                "url": "https://github.com/push-in/pam-native-feature-flags.git",
                "reference": "3c9eddafca19d016f4e2996a7ebbc833e05e760c"
            },
            "dist": {
                "type": "zip",
                "url": "https://api.github.com/repos/push-in/pam-native-feature-flags/zipball/3c9eddafca19d016f4e2996a7ebbc833e05e760c",
                "reference": "3c9eddafca19d016f4e2996a7ebbc833e05e760c",
                "shasum": ""
            },
            "require": {
                "php": "^8.4",
                "pushinbr/pam-native": "^0.6.1"
            },
            "require-dev": {
                "pushinbr/pam-native-testing": "^0.1.0"
            },
            "type": "pam-native-plugin",
            "extra": {
                "pam-native": {
                    "plugin": "pam-native.plugin.json"
                }
            },
            "autoload": {
                "psr-4": {
                    "Pam\\Native\\FeatureFlags\\": "src/"
                }
            },
            "notification-url": "https://packagist.org/downloads/",
            "license": [
                "BUSL-1.1"
            ],
            "description": "Typed targeting, deterministic rollouts and offline feature-flag snapshots for PAM Native.",
            "support": {
                "issues": "https://github.com/push-in/pam-native-feature-flags/issues",
                "source": "https://github.com/push-in/pam-native-feature-flags/tree/v0.1.1"
            },
            "time": "2026-08-01T04:08:55+00:00"
        },
        {
            "name": "pushinbr/pam-native-firebase",
            "version": "v0.1.0",
            "source": {
                "type": "git",
                "url": "https://github.com/push-in/pam-native-firebase.git",
                "reference": "f8894429568022a50900b8ff271b997259a7f607"
            },
            "dist": {
                "type": "zip",
                "url": "https://api.github.com/repos/push-in/pam-native-firebase/zipball/f8894429568022a50900b8ff271b997259a7f607",
                "reference": "f8894429568022a50900b8ff271b997259a7f607",
                "shasum": ""
            },
            "require": {
                "php": "^8.4",
                "pushinbr/pam-native": "^0.6.1",
                "pushinbr/pam-native-feature-flags": "^0.1.0"
            },
            "require-dev": {
                "pushinbr/pam-native-testing": "^0.1.0"
            },
            "type": "pam-native-plugin",
            "extra": {
                "pam-native": {
                    "plugin": "pam-native.plugin.json"
                }
            },
            "autoload": {
                "psr-4": {
                    "Pam\\Native\\Firebase\\": "src/"
                }
            },
            "notification-url": "https://packagist.org/downloads/",
            "license": [
                "BUSL-1.1"
            ],
            "description": "Production Firebase Analytics, Remote Config, Messaging, Crashlytics and multi-app integration for PAM Native.",
            "support": {
                "issues": "https://github.com/push-in/pam-native-firebase/issues",
                "source": "https://github.com/push-in/pam-native-firebase/tree/v0.1.0"
            },
            "time": "2026-08-01T05:54:23+00:00"
        },
        {
            "name": "pushinbr/pam-native-health",
            "version": "v0.1.0",
            "source": {
                "type": "git",
                "url": "https://github.com/push-in/pam-native-health.git",
                "reference": "65f57a70799b7ea7c3e5d58827d52bfc7e204ab4"
            },
            "dist": {
                "type": "zip",
                "url": "https://api.github.com/repos/push-in/pam-native-health/zipball/65f57a70799b7ea7c3e5d58827d52bfc7e204ab4",
                "reference": "65f57a70799b7ea7c3e5d58827d52bfc7e204ab4",
                "shasum": ""
            },
            "require": {
                "php": "^8.4",
                "pushinbr/pam-native": "^0.6.1"
            },
            "type": "pam-native-plugin",
            "extra": {
                "pam-native": {
                    "plugin": "pam-native.plugin.json"
                }
            },
            "autoload": {
                "psr-4": {
                    "Pam\\Native\\Health\\": "src/"
                }
            },
            "notification-url": "https://packagist.org/downloads/",
            "license": [
                "BUSL-1.1"
            ],
            "description": "Health Connect and HealthKit authorization, reads and writes for PAM Native.",
            "support": {
                "issues": "https://github.com/push-in/pam-native-health/issues",
                "source": "https://github.com/push-in/pam-native-health/tree/v0.1.0"
            },
            "time": "2026-08-01T05:17:58+00:00"
        },
        {
            "name": "pushinbr/pam-native-intents",
            "version": "v0.1.0",
            "source": {
                "type": "git",
                "url": "https://github.com/push-in/pam-native-intents.git",
                "reference": "67e05c9e1d9097548f498feb37a88c1f55ec8a23"
            },
            "dist": {
                "type": "zip",
                "url": "https://api.github.com/repos/push-in/pam-native-intents/zipball/67e05c9e1d9097548f498feb37a88c1f55ec8a23",
                "reference": "67e05c9e1d9097548f498feb37a88c1f55ec8a23",
                "shasum": ""
            },
            "require": {
                "php": "^8.4",
                "pushinbr/pam-native": "^0.6.1"
            },
            "type": "pam-native-plugin",
            "extra": {
                "pam-native": {
                    "plugin": "pam-native.plugin.json"
                }
            },
            "autoload": {
                "psr-4": {
                    "Pam\\Native\\Intents\\": "src/"
                }
            },
            "notification-url": "https://packagist.org/downloads/",
            "license": [
                "BUSL-1.1"
            ],
            "description": "Android dynamic shortcuts and Apple App Intents for PAM Native routes.",
            "support": {
                "issues": "https://github.com/push-in/pam-native-intents/issues",
                "source": "https://github.com/push-in/pam-native-intents/tree/v0.1.0"
            },
            "time": "2026-08-01T05:10:48+00:00"
        },
        {
            "name": "pushinbr/pam-native-live-activities",
            "version": "v0.1.0",
            "source": {
                "type": "git",
                "url": "https://github.com/push-in/pam-native-live-activities.git",
                "reference": "61e8b93f419c734cb23b20fd23904263ac3e9057"
            },
            "dist": {
                "type": "zip",
                "url": "https://api.github.com/repos/push-in/pam-native-live-activities/zipball/61e8b93f419c734cb23b20fd23904263ac3e9057",
                "reference": "61e8b93f419c734cb23b20fd23904263ac3e9057",
                "shasum": ""
            },
            "require": {
                "php": "^8.4",
                "pushinbr/pam-native": "^0.6.1"
            },
            "type": "pam-native-plugin",
            "extra": {
                "pam-native": {
                    "plugin": "pam-native.plugin.json"
                }
            },
            "autoload": {
                "psr-4": {
                    "Pam\\Native\\LiveActivities\\": "src/"
                }
            },
            "notification-url": "https://packagist.org/downloads/",
            "license": [
                "BUSL-1.1"
            ],
            "description": "ActivityKit Live Activities and Android ongoing live notifications for PAM Native.",
            "support": {
                "issues": "https://github.com/push-in/pam-native-live-activities/issues",
                "source": "https://github.com/push-in/pam-native-live-activities/tree/v0.1.0"
            },
            "time": "2026-08-01T05:03:34+00:00"
        },
        {
            "name": "pushinbr/pam-native-maps",
            "version": "v0.1.0",
            "source": {
                "type": "git",
                "url": "https://github.com/push-in/pam-native-maps.git",
                "reference": "6b931aca2b2b653c03f39b2a388e11cd21f1ea56"
            },
            "dist": {
                "type": "zip",
                "url": "https://api.github.com/repos/push-in/pam-native-maps/zipball/6b931aca2b2b653c03f39b2a388e11cd21f1ea56",
                "reference": "6b931aca2b2b653c03f39b2a388e11cd21f1ea56",
                "shasum": ""
            },
            "require": {
                "php": "^8.4",
                "pushinbr/pam-native": "^0.6.1"
            },
            "type": "pam-native-plugin",
            "extra": {
                "pam-native": {
                    "plugin": "pam-native.plugin.json"
                }
            },
            "autoload": {
                "psr-4": {
                    "Pam\\Native\\Maps\\": "src/"
                }
            },
            "notification-url": "https://packagist.org/downloads/",
            "license": [
                "BUSL-1.1"
            ],
            "description": "Declarative native maps, cameras, markers and overlays for PAM Native.",
            "support": {
                "issues": "https://github.com/push-in/pam-native-maps/issues",
                "source": "https://github.com/push-in/pam-native-maps/tree/v0.1.0"
            },
            "time": "2026-08-01T04:21:58+00:00"
        },
        {
            "name": "pushinbr/pam-native-media",
            "version": "v0.2.3",
            "source": {
                "type": "git",
                "url": "https://github.com/push-in/pam-native-media.git",
                "reference": "8e08f77e90f9b6f91c04697546bf233011c1bf85"
            },
            "dist": {
                "type": "zip",
                "url": "https://api.github.com/repos/push-in/pam-native-media/zipball/8e08f77e90f9b6f91c04697546bf233011c1bf85",
                "reference": "8e08f77e90f9b6f91c04697546bf233011c1bf85",
                "shasum": ""
            },
            "require": {
                "php": "^8.4",
                "pushinbr/pam-native": "^0.6.1"
            },
            "require-dev": {
                "pushinbr/pam-native-testing": "^0.1.0"
            },
            "type": "pam-native-plugin",
            "extra": {
                "pam-native": {
                    "plugin": "pam-native.plugin.json"
                }
            },
            "autoload": {
                "psr-4": {
                    "Pam\\Native\\Media\\": "src/"
                }
            },
            "notification-url": "https://packagist.org/downloads/",
            "license": [
                "Apache-2.0"
            ],
            "description": "Native media inspection, thumbnails and embedded camera capture for PAM Native.",
            "support": {
                "issues": "https://github.com/push-in/pam-native-media/issues",
                "source": "https://github.com/push-in/pam-native-media/tree/v0.2.3"
            },
            "time": "2026-08-07T11:53:19+00:00"
        },
        {
            "name": "pushinbr/pam-native-nfc",
            "version": "v0.1.0",
            "source": {
                "type": "git",
                "url": "https://github.com/push-in/pam-native-nfc.git",
                "reference": "ca02141265a755a352ad88fc6447cd23249a69d2"
            },
            "dist": {
                "type": "zip",
                "url": "https://api.github.com/repos/push-in/pam-native-nfc/zipball/ca02141265a755a352ad88fc6447cd23249a69d2",
                "reference": "ca02141265a755a352ad88fc6447cd23249a69d2",
                "shasum": ""
            },
            "require": {
                "php": "^8.4",
                "pushinbr/pam-native": "^0.6.1"
            },
            "type": "pam-native-plugin",
            "extra": {
                "pam-native": {
                    "plugin": "pam-native.plugin.json"
                }
            },
            "autoload": {
                "psr-4": {
                    "Pam\\Native\\Nfc\\": "src/"
                }
            },
            "notification-url": "https://packagist.org/downloads/",
            "license": [
                "BUSL-1.1"
            ],
            "description": "Lifecycle-safe NDEF reading and writing for PAM Native on Android and iOS.",
            "support": {
                "issues": "https://github.com/push-in/pam-native-nfc/issues",
                "source": "https://github.com/push-in/pam-native-nfc/tree/v0.1.0"
            },
            "time": "2026-08-01T05:24:38+00:00"
        },
        {
            "name": "pushinbr/pam-native-payments",
            "version": "v0.1.0",
            "source": {
                "type": "git",
                "url": "https://github.com/push-in/pam-native-payments.git",
                "reference": "ec20893ae5bf607a6e6f3ecc4b5b8c8ea499f562"
            },
            "dist": {
                "type": "zip",
                "url": "https://api.github.com/repos/push-in/pam-native-payments/zipball/ec20893ae5bf607a6e6f3ecc4b5b8c8ea499f562",
                "reference": "ec20893ae5bf607a6e6f3ecc4b5b8c8ea499f562",
                "shasum": ""
            },
            "require": {
                "php": "^8.4",
                "pushinbr/pam-native": "^0.6.1"
            },
            "type": "pam-native-plugin",
            "extra": {
                "pam-native": {
                    "plugin": "pam-native.plugin.json"
                }
            },
            "autoload": {
                "psr-4": {
                    "Pam\\Native\\Payments\\": "src/"
                }
            },
            "notification-url": "https://packagist.org/downloads/",
            "license": [
                "BUSL-1.1"
            ],
            "description": "PCI-conscious Stripe PaymentSheet payments for PAM Native.",
            "support": {
                "issues": "https://github.com/push-in/pam-native-payments/issues",
                "source": "https://github.com/push-in/pam-native-payments/tree/v0.1.0"
            },
            "time": "2026-08-01T04:49:51+00:00"
        },
        {
            "name": "pushinbr/pam-native-realtime",
            "version": "v0.1.0",
            "source": {
                "type": "git",
                "url": "https://github.com/push-in/pam-native-realtime.git",
                "reference": "ce38847b10e35fa530341242f8f37b99de6e63aa"
            },
            "dist": {
                "type": "zip",
                "url": "https://api.github.com/repos/push-in/pam-native-realtime/zipball/ce38847b10e35fa530341242f8f37b99de6e63aa",
                "reference": "ce38847b10e35fa530341242f8f37b99de6e63aa",
                "shasum": ""
            },
            "require": {
                "php": "^8.4",
                "pushinbr/pam-native": "^0.6.1"
            },
            "require-dev": {
                "pushinbr/pam-native-testing": "^0.1.0"
            },
            "type": "pam-native-plugin",
            "extra": {
                "pam-native": {
                    "plugin": "pam-native.plugin.json"
                }
            },
            "autoload": {
                "psr-4": {
                    "Pam\\Native\\Realtime\\": "src/"
                }
            },
            "notification-url": "https://packagist.org/downloads/",
            "license": [
                "BUSL-1.1"
            ],
            "description": "Persistent native WebSocket connections with bounded event queues for PAM Native.",
            "support": {
                "issues": "https://github.com/push-in/pam-native-realtime/issues",
                "source": "https://github.com/push-in/pam-native-realtime/tree/v0.1.0"
            },
            "time": "2026-08-01T05:46:09+00:00"
        },
        {
            "name": "pushinbr/pam-native-scanner",
            "version": "v0.1.0",
            "source": {
                "type": "git",
                "url": "https://github.com/push-in/pam-native-scanner.git",
                "reference": "d487f1af484f7203f210d3733e6952e19def6288"
            },
            "dist": {
                "type": "zip",
                "url": "https://api.github.com/repos/push-in/pam-native-scanner/zipball/d487f1af484f7203f210d3733e6952e19def6288",
                "reference": "d487f1af484f7203f210d3733e6952e19def6288",
                "shasum": ""
            },
            "require": {
                "php": "^8.4",
                "pushinbr/pam-native": "^0.6.1"
            },
            "type": "pam-native-plugin",
            "extra": {
                "pam-native": {
                    "plugin": "pam-native.plugin.json"
                }
            },
            "autoload": {
                "psr-4": {
                    "Pam\\Native\\Scanner\\": "src/"
                }
            },
            "notification-url": "https://packagist.org/downloads/",
            "license": [
                "BUSL-1.1"
            ],
            "description": "Real-time QR and barcode scanning with native camera previews for PAM Native.",
            "support": {
                "issues": "https://github.com/push-in/pam-native-scanner/issues",
                "source": "https://github.com/push-in/pam-native-scanner/tree/v0.1.0"
            },
            "time": "2026-08-01T04:27:48+00:00"
        },
        {
            "name": "pushinbr/pam-native-share-extension",
            "version": "v0.1.0",
            "source": {
                "type": "git",
                "url": "https://github.com/push-in/pam-native-share-extension.git",
                "reference": "192823dad7594af056a0a22ebbc5434ed741c4d5"
            },
            "dist": {
                "type": "zip",
                "url": "https://api.github.com/repos/push-in/pam-native-share-extension/zipball/192823dad7594af056a0a22ebbc5434ed741c4d5",
                "reference": "192823dad7594af056a0a22ebbc5434ed741c4d5",
                "shasum": ""
            },
            "require": {
                "php": "^8.4",
                "pushinbr/pam-native": "^0.6.1"
            },
            "type": "pam-native-plugin",
            "extra": {
                "pam-native": {
                    "plugin": "pam-native.plugin.json"
                }
            },
            "autoload": {
                "psr-4": {
                    "Pam\\Native\\ShareExtension\\": "src/"
                }
            },
            "notification-url": "https://packagist.org/downloads/",
            "license": [
                "BUSL-1.1"
            ],
            "description": "Receive text, URLs and files through native Android shares and an iOS Share Extension.",
            "support": {
                "issues": "https://github.com/push-in/pam-native-share-extension/issues",
                "source": "https://github.com/push-in/pam-native-share-extension/tree/v0.1.0"
            },
            "time": "2026-08-01T03:52:47+00:00"
        },
        {
            "name": "pushinbr/pam-native-subscriptions",
            "version": "v0.1.0",
            "source": {
                "type": "git",
                "url": "https://github.com/push-in/pam-native-subscriptions.git",
                "reference": "395eae6df2345b7ce823a5e8813a5d0024fb2c0a"
            },
            "dist": {
                "type": "zip",
                "url": "https://api.github.com/repos/push-in/pam-native-subscriptions/zipball/395eae6df2345b7ce823a5e8813a5d0024fb2c0a",
                "reference": "395eae6df2345b7ce823a5e8813a5d0024fb2c0a",
                "shasum": ""
            },
            "require": {
                "php": "^8.4",
                "pushinbr/pam-native": "^0.6.1"
            },
            "type": "pam-native-plugin",
            "extra": {
                "pam-native": {
                    "plugin": "pam-native.plugin.json"
                }
            },
            "autoload": {
                "psr-4": {
                    "Pam\\Native\\Subscriptions\\": "src/"
                }
            },
            "notification-url": "https://packagist.org/downloads/",
            "license": [
                "BUSL-1.1"
            ],
            "description": "StoreKit 2 and Google Play Billing subscriptions for PAM Native.",
            "support": {
                "issues": "https://github.com/push-in/pam-native-subscriptions/issues",
                "source": "https://github.com/push-in/pam-native-subscriptions/tree/v0.1.0"
            },
            "time": "2026-08-01T05:38:29+00:00"
        },
        {
            "name": "pushinbr/pam-native-video",
            "version": "v0.1.0",
            "source": {
                "type": "git",
                "url": "https://github.com/push-in/pam-native-video.git",
                "reference": "3f1c3d9ffaacd20c5bc97704c7b3107cce36c9d2"
            },
            "dist": {
                "type": "zip",
                "url": "https://api.github.com/repos/push-in/pam-native-video/zipball/3f1c3d9ffaacd20c5bc97704c7b3107cce36c9d2",
                "reference": "3f1c3d9ffaacd20c5bc97704c7b3107cce36c9d2",
                "shasum": ""
            },
            "require": {
                "php": "^8.4",
                "pushinbr/pam-native": "^0.6.1"
            },
            "type": "pam-native-plugin",
            "extra": {
                "pam-native": {
                    "plugin": "pam-native.plugin.json"
                }
            },
            "autoload": {
                "psr-4": {
                    "Pam\\Native\\Video\\": "src/"
                }
            },
            "notification-url": "https://packagist.org/downloads/",
            "license": [
                "BUSL-1.1"
            ],
            "description": "Adaptive streaming, subtitles and native Media3/AVPlayer playback for PAM Native.",
            "support": {
                "issues": "https://github.com/push-in/pam-native-video/issues",
                "source": "https://github.com/push-in/pam-native-video/tree/v0.1.0"
            },
            "time": "2026-08-01T03:52:48+00:00"
        },
        {
            "name": "pushinbr/pam-native-widgets",
            "version": "v0.1.0",
            "source": {
                "type": "git",
                "url": "https://github.com/push-in/pam-native-widgets.git",
                "reference": "d59e5a563838ad344ebc67005eb165dd9753c078"
            },
            "dist": {
                "type": "zip",
                "url": "https://api.github.com/repos/push-in/pam-native-widgets/zipball/d59e5a563838ad344ebc67005eb165dd9753c078",
                "reference": "d59e5a563838ad344ebc67005eb165dd9753c078",
                "shasum": ""
            },
            "require": {
                "php": "^8.4",
                "pushinbr/pam-native": "^0.6.1"
            },
            "type": "pam-native-plugin",
            "extra": {
                "pam-native": {
                    "plugin": "pam-native.plugin.json"
                }
            },
            "autoload": {
                "psr-4": {
                    "Pam\\Native\\Widgets\\": "src/"
                }
            },
            "notification-url": "https://packagist.org/downloads/",
            "license": [
                "BUSL-1.1"
            ],
            "description": "Android App Widgets and iOS WidgetKit timelines for PAM Native.",
            "support": {
                "issues": "https://github.com/push-in/pam-native-widgets/issues",
                "source": "https://github.com/push-in/pam-native-widgets/tree/v0.1.0"
            },
            "time": "2026-08-01T03:52:48+00:00"
        }
    ],
    "packages-dev": [],
    "aliases": [],
    "minimum-stability": "stable",
    "stability-flags": {},
    "prefer-stable": false,
    "prefer-lowest": false,
    "platform": {
        "php": "^8.5"
    },
    "platform-dev": {},
    "plugin-api-version": "2.6.0"
}
